version = 1
revision = 3
requires-python = ">=3.14"

[[package]]
name = "ffmpeg"
version = "1.4"
source = { registry = "https://pypi.org/simple" }
sdist = { url = "https://files.pythonhosted.org/packages/f0/cc/3b7408b8ecf7c1d20ad480c3eaed7619857bf1054b690226e906fdf14258/ffmpeg-1.4.tar.gz", hash = "sha256:6931692c890ff21d39938433c2189747815dca0c60ddc7f9bb97f199dba0b5b9", size = 5055, upload-time = "2018-10-08T07:50:05.748Z" }

[[package]]
name = "mypresentationcoach"
version = "0.1.0"
source = { virtual = "." }
dependencies = [
    { name = "ffmpeg" },
    { name = "node" },
]

[package.metadata]
requires-dist = [
    { name = "ffmpeg", specifier = ">=1.4" },
    { name = "node", specifier = ">=2.0.0" },
]

[[package]]
name = "node"
version = "2.0.0"
source = { registry = "https://pypi.org/simple" }
dependencies = [
    { name = "odict" },
    { name = "plumber" },
    { name = "zope-component" },
    { name = "zope-deferredimport" },
    { name = "zope-deprecation" },
    { name = "zope-lifecycleevent" },
]
sdist = { url = "https://files.pythonhosted.org/packages/b2/d5/5ec103e9eb9fa15c7432bacede97584db7a5a02769d6e9b2b380d3462d13/node-2.0.0.tar.gz", hash = "sha256:5602d466749e37c4a56a661c1aac06891819b60ac013732568360b215fb9b128", size = 87163, upload-time = "2026-02-03T07:19:26.688Z" }
wheels = [
    { url = "https://files.pythonhosted.org/packages/e0/ab/c63bb1cbeacf93099385449a502c30dc191543d4b973506d53e0991111cd/node-2.0.0-py3-none-any.whl", hash = "sha256:ef3564e90f8d541ca46a119e991a35838cc8d8f4e555b8745701c575ae6e4dc6", size = 101722, upload-time = "2026-02-03T07:19:24.994Z" },
]

[[package]]
name = "odict"
version = "2.0.0"
source = { registry = "https://pypi.org/simple" }
sdist = { url = "https://files.pythonhosted.org/packages/65/f9/4f37b0c639673b61e408f7e69b80f2faa3fea2941fa5ebb93677c42833c0/odict-2.0.0.tar.gz", hash = "sha256:26fa21a9cc07d1b7231aab2fbcf63dd8f0ae14172d39bc355f070cd0e801072a", size = 15260, upload-time = "2026-02-03T07:18:47.919Z" }
wheels = [
    { url = "https://files.pythonhosted.org/packages/05/82/3489ac834f0de9c489dacc00f98a209f1604c29f5ef3d7a3d07a1a8590a1/odict-2.0.0-py3-none-any.whl", hash = "sha256:892d0e4ceef679c2f04899645bc36f49904e87ec05765183cb56a94c133a5aab", size = 11072, upload-time = "2026-02-03T07:18:46.369Z" },
]

[[package]]
name = "plumber"
version = "2.0.0"
source = { registry = "https://pypi.org/simple" }
sdist = { url = "https://files.pythonhosted.org/packages/9a/87/eaec549e4f06c2c102cb49875152051156439f473d0b3c688f5fba5178e5/plumber-2.0.0.tar.gz", hash = "sha256:33f193307b4e16330eb376af2a8173737f71d8716d6d8e97c2d0bf037645af87", size = 28411, upload-time = "2026-02-03T07:18:58.563Z" }
wheels = [
    { url = "https://files.pythonhosted.org/packages/e2/7f/dcadefeab1d21aabfb684ec4c6ae9739272d940dc0438cb3fc015f0fbc62/plumber-2.0.0-py3-none-any.whl", hash = "sha256:f516a80113c0944d8e08e80eb9af10990908d7257b8111fdcefad3d38a28fbc8", size = 18553, upload-time = "2026-02-03T07:18:55.958Z" },
]

[[package]]
name = "setuptools"
version = "82.0.1"
source = { registry = "https://pypi.org/simple" }
sdist = { url = "https://files.pythonhosted.org/packages/4f/db/cfac1baf10650ab4d1c111714410d2fbb77ac5a616db26775db562c8fab2/setuptools-82.0.1.tar.gz", hash = "sha256:7d872682c5d01cfde07da7bccc7b65469d3dca203318515ada1de5eda35efbf9", size = 1152316, upload-time = "2026-03-09T12:47:17.221Z" }
wheels = [
    { url = "https://files.pythonhosted.org/packages/9d/76/f789f7a86709c6b087c5a2f52f911838cad707cc613162401badc665acfe/setuptools-82.0.1-py3-none-any.whl", hash = "sha256:a59e362652f08dcd477c78bb6e7bd9d80a7995bc73ce773050228a348ce2e5bb", size = 1006223, upload-time = "2026-03-09T12:47:15.026Z" },
]

[[package]]
name = "zope-component"
version = "7.1"
source = { registry = "https://pypi.org/simple" }
dependencies = [
    { name = "zope-event" },
    { name = "zope-hookable" },
    { name = "zope-interface" },
]
sdist = { url = "https://files.pythonhosted.org/packages/22/35/560710ec5bc83b1a8ccb856f82c33da4a6db4f78d2b95190e4cac2fea6ea/zope_component-7.1.tar.gz", hash = "sha256:1b3e06647a8bd3c071c6bc9b80d708ded120bce981185c2db5647fd9a0d5279d", size = 91153, upload-time = "2026-02-03T06:44:57.31Z" }
wheels = [
    { url = "https://files.pythonhosted.org/packages/af/15/e0f7985013bff911554bba14d073eca455b3ce6255105b6179601da93435/zope_component-7.1-py3-none-any.whl", hash = "sha256:70587c31944f43312834cbe2f489aa304ebf8c90c80be7a866c3eb1260d13e83", size = 68119, upload-time = "2026-02-03T06:44:55.842Z" },
]

[[package]]
name = "zope-deferredimport"
version = "6.1.1"
source = { registry = "https://pypi.org/simple" }
dependencies = [
    { name = "zope-proxy" },
]
sdist = { url = "https://files.pythonhosted.org/packages/d0/b1/218e3d3098602710bfe4e128860d783e5e9ce757ff8de922beb578bd541b/zope_deferredimport-6.1.1.tar.gz", hash = "sha256:959052d3f5e05c4c7854b88716971985e0b1b44a5c0163e12d9a0b90e4e3b6cc", size = 20833, upload-time = "2026-02-16T07:53:18.368Z" }
wheels = [
    { url = "https://files.pythonhosted.org/packages/4a/e5/36c4eea224dcec773841fd9487c4717430b669e9122067c9cc33db195612/zope_deferredimport-6.1.1-py3-none-any.whl", hash = "sha256:833c775c927242638a54aa15c6d59e75b8f5091d44bf909fa90bf6e28aec6641", size = 9590, upload-time = "2026-02-16T07:53:17.181Z" },
]

[[package]]
name = "zope-deprecation"
version = "6.0"
source = { registry = "https://pypi.org/simple" }
dependencies = [
    { name = "setuptools" },
]
sdist = { url = "https://files.pythonhosted.org/packages/56/05/8eaa04876e1fde656f1bfd8f62a4140d7ac23bcf16db67dd4036698dae1f/zope_deprecation-6.0.tar.gz", hash = "sha256:18727ebda8e63a6d4bd28a290e8b46852e9f14473debb5cc40a0a2dccfadf15f", size = 24480, upload-time = "2025-09-12T07:06:06.779Z" }
wheels = [
    { url = "https://files.pythonhosted.org/packages/e9/ed/da7f8b1c73caf989a0ff7096cc73c59e6c36f35a8f967c51104098602e2d/zope_deprecation-6.0-py3-none-any.whl", hash = "sha256:ff72d51c88b516b9ddf2cfb826381cc49f99a6a89b7d35c97faca7bee3b46da6", size = 9512, upload-time = "2025-09-12T07:06:05.847Z" },
]

[[package]]
name = "zope-event"
version = "6.2"
source = { registry = "https://pypi.org/simple" }
sdist = { url = "https://files.pythonhosted.org/packages/93/41/faa10af34d48d9cd6fa0249a1162943ad84a9590bd1a06939981e6640416/zope_event-6.2.tar.gz", hash = "sha256:b97d5d6327067ee6b9dfcbdf606ade9ade70991e19c162e808ea39e5fcf0f8d3", size = 18958, upload-time = "2026-04-28T06:24:10.578Z" }
wheels = [
    { url = "https://files.pythonhosted.org/packages/9e/33/848922889e946d4befc415c219fe516af75c49555d8e736e183bfd30db42/zope_event-6.2-py3-none-any.whl", hash = "sha256:5e755153ac4faf64c10a4b6dd3307680166a3edf65b38df22df592610f8fa874", size = 6525, upload-time = "2026-04-28T06:24:09.176Z" },
]

[[package]]
name = "zope-hookable"
version = "8.2"
source = { registry = "https://pypi.org/simple" }
sdist = { url = "https://files.pythonhosted.org/packages/bd/e1/fcf4350342d4266e97ed4bbb1655f38849aeb2f058b4519865282bffd60b/zope_hookable-8.2.tar.gz", hash = "sha256:42f13261768010c00031e840a561e2e5ee251f1509fa8b84178940e9a368cb33", size = 19275, upload-time = "2025-11-18T09:18:47.056Z" }
wheels = [
    { url = "https://files.pythonhosted.org/packages/54/b3/e38d8332be5658bb473d971a61b79dd6964961fc955864454494bf0ac69e/zope_hookable-8.2-cp314-cp314-macosx_10_9_x86_64.whl", hash = "sha256:26b193fa27d463a8280c786ee8cc9a2f71c041a9d07e2368e71d89a6eba5dea0", size = 12354, upload-time = "2025-11-18T09:23:19.97Z" },
    { url = "https://files.pythonhosted.org/packages/12/c6/818b9af2044dc8744c7370cd2b16410fe977f6afa78c0f759205156fa7cb/zope_hookable-8.2-cp314-cp314-macosx_11_0_arm64.whl", hash = "sha256:fe3d04db8b2805644f11feb25be7a911db7f53ec905dbc9c87cbcac464669878", size = 12922, upload-time = "2025-11-18T09:23:20.759Z" },
    { url = "https://files.pythonhosted.org/packages/0f/37/d82b25972cbb19540c00f20f81845c3e36dcb031e684c8cdc116dec40483/zope_hookable-8.2-cp314-cp314-manylinux1_i686.manylinux2014_i686.manylinux_2_17_i686.manylinux_2_5_i686.whl", hash = "sha256:afbf3c5a0af50598071a284d94f92b14a898c8ecd4f9a5578ce4b851918bc491", size = 23394, upload-time = "2025-11-18T09:23:21.986Z" },
    { url = "https://files.pythonhosted.org/packages/d6/b4/d0c8c5928f182eaee22f2020516934f7b02f236fb3dd99e6c4c2dae28194/zope_hookable-8.2-cp314-cp314-manylinux1_x86_64.manylinux2014_x86_64.manylinux_2_17_x86_64.manylinux_2_5_x86_64.whl", hash = "sha256:a2d507af9a6ec2ee25cff72dc73197cb7ffcbf642a95ec22279c78abe1f7a8c6", size = 24322, upload-time = "2025-11-18T09:23:23.147Z" },
    { url = "https://files.pythonhosted.org/packages/30/62/8d2a118e07e58cc6fb9238daf3a471a2b412687fd187796ac37334725217/zope_hookable-8.2-cp314-cp314-manylinux2014_aarch64.manylinux_2_17_aarch64.whl", hash = "sha256:910e6e763ef360b98bb272d2ba22c5a8518e3a0f225089a407503aa21bc9560b", size = 24820, upload-time = "2025-11-18T09:23:24.064Z" },
    { url = "https://files.pythonhosted.org/packages/f6/cf/c0fbd2212655ed234c4569f3ff2d4459493aa05b83a893491d2d1d9f4b2c/zope_hookable-8.2-cp314-cp314-win_amd64.whl", hash = "sha256:2ac297e01947f97c952fdc6a78c9e49d5f5b3cc447e03d5511c1ca56c26d3419", size = 16248, upload-time = "2025-11-18T09:23:25.157Z" },
]

[[package]]
name = "zope-interface"
version = "8.4"
source = { registry = "https://pypi.org/simple" }
sdist = { url = "https://files.pythonhosted.org/packages/9f/65/34a6e6e4dfa260c4c55ee02bb2fc53625e126ff0181485286cf0c9d453d6/zope_interface-8.4.tar.gz", hash = "sha256:9dbee7925a23aa6349738892c911019d4095a96cff487b743482073ecbc174a8", size = 257736, upload-time = "2026-04-25T07:22:10.439Z" }
wheels = [
    { url = "https://files.pythonhosted.org/packages/f6/d5/ca60c8b404b303d9490e1417430a5198a77557dbeb17c1cb31616e432318/zope_interface-8.4-cp314-cp314-macosx_10_9_x86_64.whl", hash = "sha256:7cbb887fdbfaacb4c362dbb487033551646e28013ad5ffe72e96eb260003a1a1", size = 212012, upload-time = "2026-04-25T07:28:36.88Z" },
    { url = "https://files.pythonhosted.org/packages/83/64/6bb9f54250c817e24b39e986f173b6cd21ff658bec6c6cc0baad05d761e4/zope_interface-8.4-cp314-cp314-macosx_11_0_arm64.whl", hash = "sha256:a5638c6be715116d3453e6d099c299c6844d54810de7445ce116424e905ede06", size = 212071, upload-time = "2026-04-25T07:28:38.742Z" },
    { url = "https://files.pythonhosted.org/packages/c6/cf/42851262e102723058019dc7d0b48210b85a935f79ae32ce60ddccc2e8fb/zope_interface-8.4-cp314-cp314-manylinux1_i686.manylinux2014_i686.manylinux_2_17_i686.manylinux_2_5_i686.whl", hash = "sha256:b8147b40bfcd53803870a9519e0879ff066aeecc2fcff8295663c1b17fc38dc2", size = 266075, upload-time = "2026-04-25T07:28:41.084Z" },
    { url = "https://files.pythonhosted.org/packages/d2/a7/e48c79b836f6f0a2c219288e2ec343517f90e95c93de5435a8a23918bf20/zope_interface-8.4-cp314-cp314-manylinux1_x86_64.manylinux2014_x86_64.manylinux_2_17_x86_64.manylinux_2_5_x86_64.whl", hash = "sha256:049ba3c7b38cc400ae08e011617635706e0f442e1d075db1b015246fcbf6091e", size = 269127, upload-time = "2026-04-25T07:28:42.868Z" },
    { url = "https://files.pythonhosted.org/packages/6a/40/0e26f24d3a2f34f0de2cfeaab6458a865284d9d1fa317ab78913aa1f7322/zope_interface-8.4-cp314-cp314-manylinux2014_aarch64.manylinux_2_17_aarch64.whl", hash = "sha256:9c4ac009c2c8e43283842f80387c4d4b41bcbc293391c3b9ab71532ae1ccc301", size = 269446, upload-time = "2026-04-25T07:28:44.97Z" },
    { url = "https://files.pythonhosted.org/packages/91/d5/20310601450367fc35fa28b0544c98d0347b8cc25eaf106a2c4cc36841e1/zope_interface-8.4-cp314-cp314-win_amd64.whl", hash = "sha256:4713bf651ec36e7eea49d2ace4f0e89bec2b33a339674874b1121f2537edc62a", size = 215199, upload-time = "2026-04-25T07:28:47.146Z" },
    { url = "https://files.pythonhosted.org/packages/5b/00/0d22ce75126e31f81baa5889e2a40aad37c8e34d1220cf8b18d744f2b5d9/zope_interface-8.4-cp314-cp314-win_arm64.whl", hash = "sha256:d934497c4b72d5f528d2b5ebe9b8b5a7004b5877948ebd4ea00c2432fb27178f", size = 213178, upload-time = "2026-04-25T07:28:48.868Z" },
]

[[package]]
name = "zope-lifecycleevent"
version = "6.0"
source = { registry = "https://pypi.org/simple" }
dependencies = [
    { name = "setuptools" },
    { name = "zope-event" },
    { name = "zope-interface" },
]
sdist = { url = "https://files.pythonhosted.org/packages/ec/48/7541a37c5d79f7548f1984f8564bba986ed7f023a6e1ea60a79c2a05ac07/zope_lifecycleevent-6.0.tar.gz", hash = "sha256:cddf7e0c4ab9f6b7c2411ddafa54212270eabc40af315de5ae8b421f4a95298d", size = 26087, upload-time = "2025-09-12T07:19:07.329Z" }
wheels = [
    { url = "https://files.pythonhosted.org/packages/a0/41/71008b9190126e750fddd17f62ff48f78e7d8560d801c0b384ed4f9d8bf9/zope_lifecycleevent-6.0-py3-none-any.whl", hash = "sha256:df5f0b58a84a0429e825ceef5780b8ffe1772e8d5dba7b80eb54b27306e0869e", size = 17597, upload-time = "2025-09-12T07:19:05.46Z" },
]

[[package]]
name = "zope-proxy"
version = "7.2"
source = { registry = "https://pypi.org/simple" }
dependencies = [
    { name = "zope-interface" },
]
sdist = { url = "https://files.pythonhosted.org/packages/7d/8e/1dc4d525e4f8b892369e98461214a7a6ef8a21c5c0acc1d4b82d03ee5f12/zope_proxy-7.2.tar.gz", hash = "sha256:a44ea34ced433dca665b5e8c300e83e40d2ae6821668f57aef38c11593e56f58", size = 40933, upload-time = "2026-04-30T06:45:37.287Z" }
wheels = [
    { url = "https://files.pythonhosted.org/packages/80/07/d808494e3ec5dd73f1fffb974e53036c105ea1c653efddbb7dbd2a458cff/zope_proxy-7.2-cp314-cp314-macosx_10_9_x86_64.whl", hash = "sha256:64918e3d6e04175dacc38e2e14630033e7945f982b31ed1538d6b46089f46e9e", size = 38437, upload-time = "2026-04-30T06:45:28.715Z" },
    { url = "https://files.pythonhosted.org/packages/b0/1e/c1c833d6466c9f69c7563d4b53da5e67a00e805cf3ff5b074290600025fa/zope_proxy-7.2-cp314-cp314-macosx_11_0_arm64.whl", hash = "sha256:51b9ab9073efbff0dda598fd14333fd18593e5fd5f4aa66ecc7d5dd97cf4ec79", size = 38859, upload-time = "2026-04-30T06:45:29.844Z" },
    { url = "https://files.pythonhosted.org/packages/d3/40/3ba06dc1bc72a5e32cfa861ae9dd2e7a1ca8114c5ae83043355fdc3ada5e/zope_proxy-7.2-cp314-cp314-manylinux1_i686.manylinux2014_i686.manylinux_2_17_i686.manylinux_2_5_i686.whl", hash = "sha256:e72b5c4ec02ea222c7a92fe9e4fb4d56c1c3b182debace561bf63b4607b5d260", size = 67250, upload-time = "2026-04-30T06:45:30.957Z" },
    { url = "https://files.pythonhosted.org/packages/25/63/420b4867c52b88b9e47dcb6b98ddd23ed6513377ef03e651f46bddf5d917/zope_proxy-7.2-cp314-cp314-manylinux1_x86_64.manylinux2014_x86_64.manylinux_2_17_x86_64.manylinux_2_5_x86_64.whl", hash = "sha256:87a1a8195b05c57a09fa81a8ac2de4c1c826ba4769337c99521db6dc0c12144e", size = 72603, upload-time = "2026-04-30T06:45:32.402Z" },
    { url = "https://files.pythonhosted.org/packages/3e/2f/380969181086bfd5ecb3f8698720ace5106427d7c74291dd328af72d85ea/zope_proxy-7.2-cp314-cp314-manylinux2014_aarch64.manylinux_2_17_aarch64.whl", hash = "sha256:604572b8be85ba18fe4a8d0c6cb843a55ad3df73813a4251e70c232a99d631d7", size = 72225, upload-time = "2026-04-30T06:45:33.588Z" },
    { url = "https://files.pythonhosted.org/packages/ac/dc/b0ab8b2d4ccab18dca0204c8c9e602a7d0e160e35f1306190a04131830ec/zope_proxy-7.2-cp314-cp314-win_amd64.whl", hash = "sha256:94810b015a9a23a92284d81ef8280d9f2434f7ecb0986a02db08cbd5db58c81f", size = 40700, upload-time = "2026-04-30T06:45:34.869Z" },
    { url = "https://files.pythonhosted.org/packages/a9/29/d5acaf645dddabe1589b51464c347bb06a83d609e2fcea07c75792b3925a/zope_proxy-7.2-cp314-cp314-win_arm64.whl", hash = "sha256:2277c9b207265cfdb4392cede3db7e153efb0bed91ae3c436a13c3ffcc24a9ed", size = 39742, upload-time = "2026-04-30T06:45:35.989Z" },
]
